{
    "_meta": {
        "hash": {
            "sha256": "48ae926213dcd57db8cc88063b533a6ab4207c71bc2882c56b6ca29d5a0434f5"
        },
        "pipfile-spec": 6,
        "requires": {
            "python_version": "3.10"
        },
        "sources": [
            {
                "name": "pypi",
                "url": "https://pypi.org/simple",
                "verify_ssl": true
            }
        ]
    },
    "default": {
        "psycopg": {
            "hashes": [
                "sha256:5d19e5d10c44fd858cfb72761635200f836847df0a07cb97c3aa5df264b1379d",
                "sha256:d2c7c012e62083f800f9eb5eef849d5ed89940c3b31081d420279598f34c647e"
            ],
            "index": "pypi",
            "version": "==3.1.3"
        },
        "typing-extensions": {
            "hashes": [
                "sha256:1511434bb92bf8dd198c12b1cc812e800d4181cfcb867674e0f8279cc93087aa",
                "sha256:16fa4864408f655d35ec496218b85f79b3437c829e93320c7c9215ccfd92489e"
            ],
            "markers": "python_version < '3.11'",
            "version": "==4.4.0"
        }
    },
    "develop": {}
}
